<?xml version="1.0" encoding="utf-8"?>
<Project ToolsVersion="4.0" xmlns="http://schemas.microsoft.com/developer/msbuild/2003">
  <ItemGroup>
    <Filter Include="Source Files">
      <UniqueIdentifier>{4FC737F1-C7A5-4376-A066-2A32D752A2FF}</UniqueIdentifier>
      <Extensions>cpp;c;cc;cxx;def;odl;idl;hpj;bat;asm;asmx</Extensions>
    </Filter>
    <Filter Include="Header Files">
      <UniqueIdentifier>{93995380-89BD-4b04-88EB-625FBE52EBFB}</UniqueIdentifier>
      <Extensions>h;hh;hpp;hxx;hm;inl;inc;xsd</Extensions>
    </Filter>
    <Filter Include="Resource Files">
      <UniqueIdentifier>{67DA6AB6-F800-4c08-8B7A-83BB121AAD01}</UniqueIdentifier>
      <Extensions>rc;ico;cur;bmp;dlg;rc2;rct;bin;rgs;gif;jpg;jpeg;jpe;resx;tiff;tif;png;wav;mfcribbon-ms</Extensions>
    </Filter>
    <Filter Include="Header Files\Patchables">
      <UniqueIdentifier>{95cd5bc5-93f5-40a6-a642-8b4e1a1520c4}</UniqueIdentifier>
    </Filter>
    <Filter Include="Header Files\EsoImpl">
      <UniqueIdentifier>{490813b4-cd90-4ce4-82f8-d61987f6ed65}</UniqueIdentifier>
    </Filter>
    <Filter Include="Source Files\EsoImpl">
      <UniqueIdentifier>{dad506d4-0ae6-4e02-9230-64263b48da1b}</UniqueIdentifier>
    </Filter>
    <Filter Include="Header Files\D3D9">
      <UniqueIdentifier>{13a1e397-2e90-4c40-abc7-dcd44da9013f}</UniqueIdentifier>
    </Filter>
    <Filter Include="Source Files\D3D9">
      <UniqueIdentifier>{734b75f5-ce50-4c89-9c59-d37c51562f8c}</UniqueIdentifier>
    </Filter>
    <Filter Include="Header Files\Utils">
      <UniqueIdentifier>{5cf18b1e-7b76-46ab-8cb6-c3092c11d26e}</UniqueIdentifier>
    </Filter>
    <Filter Include="Source Files\Utils">
      <UniqueIdentifier>{ac350f22-d23c-413c-a2cd-0f12893c5431}</UniqueIdentifier>
    </Filter>
  </ItemGroup>
  <ItemGroup>
    <ClCompile Include="dllmain.cpp">
      <Filter>Source Files</Filter>
    </ClCompile>
    <ClCompile Include="EsoMgr.cpp">
      <Filter>Source Files</Filter>
    </ClCompile>
    <ClCompile Include="EsoImpl\ZoRenderManager.cpp">
      <Filter>Source Files\EsoImpl</Filter>
    </ClCompile>
    <ClCompile Include="EsoImpl\ZoRenderDeviceD3D9.cpp">
      <Filter>Source Files\EsoImpl</Filter>
    </ClCompile>
    <ClCompile Include="D3D9\D3D9Mgr.cpp">
      <Filter>Source Files\D3D9</Filter>
    </ClCompile>
    <ClCompile Include="Logger.cpp">
      <Filter>Source Files</Filter>
    </ClCompile>
    <ClCompile Include="EsoImpl\ClientCoreHandles.cpp">
      <Filter>Source Files\EsoImpl</Filter>
    </ClCompile>
    <ClCompile Include="EsoImpl\UnitList.cpp">
      <Filter>Source Files\EsoImpl</Filter>
    </ClCompile>
    <ClCompile Include="EsoImpl\Unit.cpp">
      <Filter>Source Files\EsoImpl</Filter>
    </ClCompile>
    <ClCompile Include="EsoImpl\ClientWorld.cpp">
      <Filter>Source Files\EsoImpl</Filter>
    </ClCompile>
    <ClCompile Include="EsoImpl\ZoCamera.cpp">
      <Filter>Source Files\EsoImpl</Filter>
    </ClCompile>
  </ItemGroup>
  <ItemGroup>
    <ClInclude Include="EsoMgr.h">
      <Filter>Header Files</Filter>
    </ClInclude>
    <ClInclude Include="Patchables\Offsets.h">
      <Filter>Header Files\Patchables</Filter>
    </ClInclude>
    <ClInclude Include="EsoImpl\ZoRenderManager.h">
      <Filter>Header Files\EsoImpl</Filter>
    </ClInclude>
    <ClInclude Include="EsoImpl\ZoRenderDeviceD3D9.h">
      <Filter>Header Files\EsoImpl</Filter>
    </ClInclude>
    <ClInclude Include="D3D9\D3D9Mgr.h">
      <Filter>Header Files\D3D9</Filter>
    </ClInclude>
    <ClInclude Include="Logger.h">
      <Filter>Header Files</Filter>
    </ClInclude>
    <ClInclude Include="EsoImpl\ClientCoreHandles.h">
      <Filter>Header Files\EsoImpl</Filter>
    </ClInclude>
    <ClInclude Include="EsoImpl\UnitList.h">
      <Filter>Header Files\EsoImpl</Filter>
    </ClInclude>
    <ClInclude Include="EsoImpl\Unit.h">
      <Filter>Header Files\EsoImpl</Filter>
    </ClInclude>
    <ClInclude Include="EsoImpl\ClientWorld.h">
      <Filter>Header Files\EsoImpl</Filter>
    </ClInclude>
    <ClInclude Include="EsoImpl\ZoCamera.h">
      <Filter>Header Files\EsoImpl</Filter>
    </ClInclude>
    <ClInclude Include="Utils\Vector3.h">
      <Filter>Header Files\Utils</Filter>
    </ClInclude>
  </ItemGroup>
</Project>